// !$*UTF8*$!
{
	archiveVersion = 1;
	classes = {
	};
	objectVersion = 55;
	objects = {

/* Begin PBXBuildFile section */
		D82ED1332821814C006F3E50 /* Sparkle in Frameworks */ = {isa = PBXBuildFile; productRef = D82ED1322821814C006F3E50 /* Sparkle */; };
		D89B8F08281C0FC900EC582F /* KeyboardShortcuts in Frameworks */ = {isa = PBXBuildFile; productRef = D89B8F07281C0FC900EC582F /* KeyboardShortcuts */; };
		D89B8F0C281C3FB400EC582F /* OnboardingView.swift in Sources */ = {isa = PBXBuildFile; fileRef = D89B8F0B281C3FB400EC582F /* OnboardingView.swift */; };
		D89C88432819A2820099BFBE /* Notifications.swift in Sources */ = {isa = PBXBuildFile; fileRef = D89C88422819A2820099BFBE /* Notifications.swift */; };
		D8A2B4062807231100D9C741 /* GoogleLoader.swift in Sources */ = {isa = PBXBuildFile; fileRef = D8A2B4052807231100D9C741 /* GoogleLoader.swift */; };
		D8A2B4082807416F00D9C741 /* EventModel.swift in Sources */ = {isa = PBXBuildFile; fileRef = D8A2B4072807416F00D9C741 /* EventModel.swift */; };
		D8A2B40A28084D6F00D9C741 /* StatusBarItemController.swift in Sources */ = {isa = PBXBuildFile; fileRef = D8A2B40928084D6F00D9C741 /* StatusBarItemController.swift */; };
		D8A2B40F2810439A00D9C741 /* Preferences.swift in Sources */ = {isa = PBXBuildFile; fileRef = D8A2B40E2810439A00D9C741 /* Preferences.swift */; };
		D8A2B4112810460500D9C741 /* SettingsTab.swift in Sources */ = {isa = PBXBuildFile; fileRef = D8A2B4102810460500D9C741 /* SettingsTab.swift */; };
		D8A2B413281047A100D9C741 /* CalendarTab.swift in Sources */ = {isa = PBXBuildFile; fileRef = D8A2B412281047A100D9C741 /* CalendarTab.swift */; };
		D8A2B4182811869100D9C741 /* NoteTakingView.swift in Sources */ = {isa = PBXBuildFile; fileRef = D8A2B4172811869100D9C741 /* NoteTakingView.swift */; };
		D8E3B41A281290A8006B423A /* Helpers.swift in Sources */ = {isa = PBXBuildFile; fileRef = D8E3B419281290A8006B423A /* Helpers.swift */; };
		D8E3B41D2812B34B006B423A /* Defaults in Frameworks */ = {isa = PBXBuildFile; productRef = D8E3B41C2812B34B006B423A /* Defaults */; };
		D8E3B41F2812B4CA006B423A /* DefaultsKeys.swift in Sources */ = {isa = PBXBuildFile; fileRef = D8E3B41E2812B4CA006B423A /* DefaultsKeys.swift */; };
		D8ED32392806BD1800191093 /* AppDelegate.swift in Sources */ = {isa = PBXBuildFile; fileRef = D8ED32382806BD1800191093 /* AppDelegate.swift */; };
		D8ED323E2806BD1800191093 /* LivestormBar.xcdatamodeld in Sources */ = {isa = PBXBuildFile; fileRef = D8ED323C2806BD1800191093 /* LivestormBar.xcdatamodeld */; };
		D8ED32402806BD1B00191093 /* Assets.xcassets in Resources */ = {isa = PBXBuildFile; fileRef = D8ED323F2806BD1B00191093 /* Assets.xcassets */; };
		D8ED32432806BD1B00191093 /* Main.storyboard in Resources */ = {isa = PBXBuildFile; fileRef = D8ED32412806BD1B00191093 /* Main.storyboard */; };
		D8ED324E2806BD1B00191093 /* LivestormBarTests.swift in Sources */ = {isa = PBXBuildFile; fileRef = D8ED324D2806BD1B00191093 /* LivestormBarTests.swift */; };
		D8ED32582806BD1B00191093 /* LivestormBarUITests.swift in Sources */ = {isa = PBXBuildFile; fileRef = D8ED32572806BD1B00191093 /* LivestormBarUITests.swift */; };
		D8ED325A2806BD1B00191093 /* LivestormBarUITestsLaunchTests.swift in Sources */ = {isa = PBXBuildFile; fileRef = D8ED32592806BD1B00191093 /* LivestormBarUITestsLaunchTests.swift */; };
		D8ED32682806BFEA00191093 /* OAuth2 in Frameworks */ = {isa = PBXBuildFile; productRef = D8ED32672806BFEA00191093 /* OAuth2 */; };
/* End PBXBuildFile section */

/* Begin PBXContainerItemProxy section */
		D8ED324A2806BD1B00191093 /* PBXContainerItemProxy */ = {
			isa = PBXContainerItemProxy;
			containerPortal = D8ED322D2806BD1800191093 /* Project object */;
			proxyType = 1;
			remoteGlobalIDString = D8ED32342806BD1800191093;
			remoteInfo = LivestormBar;
		};
		D8ED32542806BD1B00191093 /* PBXContainerItemProxy */ = {
			isa = PBXContainerItemProxy;
			containerPortal = D8ED322D2806BD1800191093 /* Project object */;
			proxyType = 1;
			remoteGlobalIDString = D8ED32342806BD1800191093;
			remoteInfo = LivestormBar;
		};
/* End PBXContainerItemProxy section */

/* Begin PBXFileReference section */
		D868B7B82823983500473F5B /* LivestormBarTests.xctest */ = {isa = PBXFileReference; explicitFileType = wrapper.cfbundle; includeInIndex = 0; path = LivestormBarTests.xctest; sourceTree = BUILT_PRODUCTS_DIR; };
		D868B7B92823983500473F5B /* LivestormBarUITests.xctest */ = {isa = PBXFileReference; explicitFileType = wrapper.cfbundle; includeInIndex = 0; path = LivestormBarUITests.xctest; sourceTree = BUILT_PRODUCTS_DIR; };
		D89B8F0B281C3FB400EC582F /* OnboardingView.swift */ = {isa = PBXFileReference; lastKnownFileType = sourcecode.swift; path = OnboardingView.swift; sourceTree = "<group>"; };
		D89C88422819A2820099BFBE /* Notifications.swift */ = {isa = PBXFileReference; lastKnownFileType = sourcecode.swift; path = Notifications.swift; sourceTree = "<group>"; };
		D8A2B4052807231100D9C741 /* GoogleLoader.swift */ = {isa = PBXFileReference; lastKnownFileType = sourcecode.swift; path = GoogleLoader.swift; sourceTree = "<group>"; };
		D8A2B4072807416F00D9C741 /* EventModel.swift */ = {isa = PBXFileReference; lastKnownFileType = sourcecode.swift; path = EventModel.swift; sourceTree = "<group>"; };
		D8A2B40928084D6F00D9C741 /* StatusBarItemController.swift */ = {isa = PBXFileReference; lastKnownFileType = sourcecode.swift; path = StatusBarItemController.swift; sourceTree = "<group>"; };
		D8A2B40E2810439A00D9C741 /* Preferences.swift */ = {isa = PBXFileReference; lastKnownFileType = sourcecode.swift; path = Preferences.swift; sourceTree = "<group>"; };
		D8A2B4102810460500D9C741 /* SettingsTab.swift */ = {isa = PBXFileReference; lastKnownFileType = sourcecode.swift; path = SettingsTab.swift; sourceTree = "<group>"; };
		D8A2B412281047A100D9C741 /* CalendarTab.swift */ = {isa = PBXFileReference; lastKnownFileType = sourcecode.swift; path = CalendarTab.swift; sourceTree = "<group>"; };
		D8A2B4172811869100D9C741 /* NoteTakingView.swift */ = {isa = PBXFileReference; lastKnownFileType = sourcecode.swift; path = NoteTakingView.swift; sourceTree = "<group>"; };
		D8B6D8D22822DC7D00697893 /* LivestormBar.app */ = {isa = PBXFileReference; explicitFileType = wrapper.application; includeInIndex = 0; path = LivestormBar.app; sourceTree = BUILT_PRODUCTS_DIR; };
		D8E3B419281290A8006B423A /* Helpers.swift */ = {isa = PBXFileReference; lastKnownFileType = sourcecode.swift; path = Helpers.swift; sourceTree = "<group>"; };
		D8E3B41E2812B4CA006B423A /* DefaultsKeys.swift */ = {isa = PBXFileReference; lastKnownFileType = sourcecode.swift; path = DefaultsKeys.swift; sourceTree = "<group>"; };
		D8ED32382806BD1800191093 /* AppDelegate.swift */ = {isa = PBXFileReference; lastKnownFileType = sourcecode.swift; path = AppDelegate.swift; sourceTree = "<group>"; };
		D8ED323D2806BD1800191093 /* LivestormBar.xcdatamodel */ = {isa = PBXFileReference; lastKnownFileType = wrapper.xcdatamodel; path = LivestormBar.xcdatamodel; sourceTree = "<group>"; };
		D8ED323F2806BD1B00191093 /* Assets.xcassets */ = {isa = PBXFileReference; lastKnownFileType = folder.assetcatalog; path = Assets.xcassets; sourceTree = "<group>"; };
		D8ED32422806BD1B00191093 /* Base */ = {isa = PBXFileReference; lastKnownFileType = file.storyboard; name = Base; path = Base.lproj/Main.storyboard; sourceTree = "<group>"; };
		D8ED32442806BD1B00191093 /* LivestormBar.entitlements */ = {isa = PBXFileReference; lastKnownFileType = text.plist.entitlements; path = LivestormBar.entitlements; sourceTree = "<group>"; };
		D8ED324D2806BD1B00191093 /* LivestormBarTests.swift */ = {isa = PBXFileReference; lastKnownFileType = sourcecode.swift; path = LivestormBarTests.swift; sourceTree = "<group>"; };
		D8ED32572806BD1B00191093 /* LivestormBarUITests.swift */ = {isa = PBXFileReference; lastKnownFileType = sourcecode.swift; path = LivestormBarUITests.swift; sourceTree = "<group>"; };
		D8ED32592806BD1B00191093 /* LivestormBarUITestsLaunchTests.swift */ = {isa = PBXFileReference; lastKnownFileType = sourcecode.swift; path = LivestormBarUITestsLaunchTests.swift; sourceTree = "<group>"; };
		D8ED326B28070D5000191093 /* Info.plist */ = {isa = PBXFileReference; lastKnownFileType = text.plist; path = Info.plist; sourceTree = "<group>"; };
/* End PBXFileReference section */

/* Begin PBXFrameworksBuildPhase section */
		D8ED32322806BD1800191093 /* Frameworks */ = {
			isa = PBXFrameworksBuildPhase;
			buildActionMask = 2147483647;
			files = (
				D82ED1332821814C006F3E50 /* Sparkle in Frameworks */,
				D8E3B41D2812B34B006B423A /* Defaults in Frameworks */,
				D8ED32682806BFEA00191093 /* OAuth2 in Frameworks */,
				D89B8F08281C0FC900EC582F /* KeyboardShortcuts in Frameworks */,
			);
			runOnlyForDeploymentPostprocessing = 0;
		};
		D8ED32462806BD1B00191093 /* Frameworks */ = {
			isa = PBXFrameworksBuildPhase;
			buildActionMask = 2147483647;
			files = (
			);
			runOnlyForDeploymentPostprocessing = 0;
		};
		D8ED32502806BD1B00191093 /* Frameworks */ = {
			isa = PBXFrameworksBuildPhase;
			buildActionMask = 2147483647;
			files = (
			);
			runOnlyForDeploymentPostprocessing = 0;
		};
/* End PBXFrameworksBuildPhase section */

/* Begin PBXGroup section */
		D8A2B40D2810438500D9C741 /* PreferencesView */ = {
			isa = PBXGroup;
			children = (
				D8A2B40E2810439A00D9C741 /* Preferences.swift */,
				D8A2B4102810460500D9C741 /* SettingsTab.swift */,
				D8A2B412281047A100D9C741 /* CalendarTab.swift */,
			);
			path = PreferencesView;
			sourceTree = "<group>";
		};
		D8A2B4162811867000D9C741 /* Views */ = {
			isa = PBXGroup;
			children = (
				D8A2B40D2810438500D9C741 /* PreferencesView */,
				D8A2B4172811869100D9C741 /* NoteTakingView.swift */,
				D89B8F0B281C3FB400EC582F /* OnboardingView.swift */,
			);
			path = Views;
			sourceTree = "<group>";
		};
		D8ED322C2806BD1800191093 = {
			isa = PBXGroup;
			children = (
				D8ED32372806BD1800191093 /* LivestormBar */,
				D8ED324C2806BD1B00191093 /* LivestormBarTests */,
				D8ED32562806BD1B00191093 /* LivestormBarUITests */,
				D8B6D8D22822DC7D00697893 /* LivestormBar.app */,
				D868B7B82823983500473F5B /* LivestormBarTests.xctest */,
				D868B7B92823983500473F5B /* LivestormBarUITests.xctest */,
			);
			sourceTree = "<group>";
		};
		D8ED32372806BD1800191093 /* LivestormBar */ = {
			isa = PBXGroup;
			children = (
				D8A2B4162811867000D9C741 /* Views */,
				D8ED326B28070D5000191093 /* Info.plist */,
				D8ED32382806BD1800191093 /* AppDelegate.swift */,
				D8ED323F2806BD1B00191093 /* Assets.xcassets */,
				D8ED32412806BD1B00191093 /* Main.storyboard */,
				D8ED32442806BD1B00191093 /* LivestormBar.entitlements */,
				D8ED323C2806BD1800191093 /* LivestormBar.xcdatamodeld */,
				D8A2B4052807231100D9C741 /* GoogleLoader.swift */,
				D8A2B4072807416F00D9C741 /* EventModel.swift */,
				D8A2B40928084D6F00D9C741 /* StatusBarItemController.swift */,
				D8E3B419281290A8006B423A /* Helpers.swift */,
				D8E3B41E2812B4CA006B423A /* DefaultsKeys.swift */,
				D89C88422819A2820099BFBE /* Notifications.swift */,
			);
			path = LivestormBar;
			sourceTree = "<group>";
		};
		D8ED324C2806BD1B00191093 /* LivestormBarTests */ = {
			isa = PBXGroup;
			children = (
				D8ED324D2806BD1B00191093 /* LivestormBarTests.swift */,
			);
			path = LivestormBarTests;
			sourceTree = "<group>";
		};
		D8ED32562806BD1B00191093 /* LivestormBarUITests */ = {
			isa = PBXGroup;
			children = (
				D8ED32572806BD1B00191093 /* LivestormBarUITests.swift */,
				D8ED32592806BD1B00191093 /* LivestormBarUITestsLaunchTests.swift */,
			);
			path = LivestormBarUITests;
			sourceTree = "<group>";
		};
/* End PBXGroup section */

/* Begin PBXNativeTarget section */
		D8ED32342806BD1800191093 /* LivestormBar */ = {
			isa = PBXNativeTarget;
			buildConfigurationList = D8ED325D2806BD1B00191093 /* Build configuration list for PBXNativeTarget "LivestormBar" */;
			buildPhases = (
				D8ED32312806BD1800191093 /* Sources */,
				D8ED32322806BD1800191093 /* Frameworks */,
				D8ED32332806BD1800191093 /* Resources */,
			);
			buildRules = (
			);
			dependencies = (
			);
			name = LivestormBar;
			packageProductDependencies = (
				D8ED32672806BFEA00191093 /* OAuth2 */,
				D8E3B41C2812B34B006B423A /* Defaults */,
				D89B8F07281C0FC900EC582F /* KeyboardShortcuts */,
				D82ED1322821814C006F3E50 /* Sparkle */,
			);
			productName = LivestormBar;
			productReference = D8B6D8D22822DC7D00697893 /* LivestormBar.app */;
			productType = "com.apple.product-type.application";
		};
		D8ED32482806BD1B00191093 /* LivestormBarTests */ = {
			isa = PBXNativeTarget;
			buildConfigurationList = D8ED32602806BD1B00191093 /* Build configuration list for PBXNativeTarget "LivestormBarTests" */;
			buildPhases = (
				D8ED32452806BD1B00191093 /* Sources */,
				D8ED32462806BD1B00191093 /* Frameworks */,
				D8ED32472806BD1B00191093 /* Resources */,
			);
			buildRules = (
			);
			dependencies = (
				D8ED324B2806BD1B00191093 /* PBXTargetDependency */,
			);
			name = LivestormBarTests;
			productName = LivestormBarTests;
			productReference = D868B7B82823983500473F5B /* LivestormBarTests.xctest */;
			productType = "com.apple.product-type.bundle.unit-test";
		};
		D8ED32522806BD1B00191093 /* LivestormBarUITests */ = {
			isa = PBXNativeTarget;
			buildConfigurationList = D8ED32632806BD1B00191093 /* Build configuration list for PBXNativeTarget "LivestormBarUITests" */;
			buildPhases = (
				D8ED324F2806BD1B00191093 /* Sources */,
				D8ED32502806BD1B00191093 /* Frameworks */,
				D8ED32512806BD1B00191093 /* Resources */,
			);
			buildRules = (
			);
			dependencies = (
				D8ED32552806BD1B00191093 /* PBXTargetDependency */,
			);
			name = LivestormBarUITests;
			productName = LivestormBarUITests;
			productReference = D868B7B92823983500473F5B /* LivestormBarUITests.xctest */;
			productType = "com.apple.product-type.bundle.ui-testing";
		};
/* End PBXNativeTarget section */

/* Begin PBXProject section */
		D8ED322D2806BD1800191093 /* Project object */ = {
			isa = PBXProject;
			attributes = {
				BuildIndependentTargetsInParallel = 1;
				LastSwiftUpdateCheck = 1330;
				LastUpgradeCheck = 1330;
				TargetAttributes = {
					D8ED32342806BD1800191093 = {
						CreatedOnToolsVersion = 13.3;
					};
					D8ED32482806BD1B00191093 = {
						CreatedOnToolsVersion = 13.3;
						TestTargetID = D8ED32342806BD1800191093;
					};
					D8ED32522806BD1B00191093 = {
						CreatedOnToolsVersion = 13.3;
						TestTargetID = D8ED32342806BD1800191093;
					};
				};
			};
			buildConfigurationList = D8ED32302806BD1800191093 /* Build configuration list for PBXProject "LivestormBar" */;
			compatibilityVersion = "Xcode 13.0";
			developmentRegion = en;
			hasScannedForEncodings = 0;
			knownRegions = (
				en,
				Base,
			);
			mainGroup = D8ED322C2806BD1800191093;
			packageReferences = (
				D8ED32662806BFEA00191093 /* XCRemoteSwiftPackageReference "OAuth2" */,
				D8E3B41B2812B34B006B423A /* XCRemoteSwiftPackageReference "Defaults" */,
				D89B8F06281C0FC900EC582F /* XCRemoteSwiftPackageReference "KeyboardShortcuts" */,
				D82ED1292821807B006F3E50 /* XCRemoteSwiftPackageReference "Sparkle" */,
			);
			productRefGroup = D8ED322C2806BD1800191093;
			projectDirPath = "";
			projectRoot = "";
			targets = (
				D8ED32342806BD1800191093 /* LivestormBar */,
				D8ED32482806BD1B00191093 /* LivestormBarTests */,
				D8ED32522806BD1B00191093 /* LivestormBarUITests */,
			);
		};
/* End PBXProject section */

/* Begin PBXResourcesBuildPhase section */
		D8ED32332806BD1800191093 /* Resources */ = {
			isa = PBXResourcesBuildPhase;
			buildActionMask = 2147483647;
			files = (
				D8ED32402806BD1B00191093 /* Assets.xcassets in Resources */,
				D8ED32432806BD1B00191093 /* Main.storyboard in Resources */,
			);
			runOnlyForDeploymentPostprocessing = 0;
		};
		D8ED32472806BD1B00191093 /* Resources */ = {
			isa = PBXResourcesBuildPhase;
			buildActionMask = 2147483647;
			files = (
			);
			runOnlyForDeploymentPostprocessing = 0;
		};
		D8ED32512806BD1B00191093 /* Resources */ = {
			isa = PBXResourcesBuildPhase;
			buildActionMask = 2147483647;
			files = (
			);
			runOnlyForDeploymentPostprocessing = 0;
		};
/* End PBXResourcesBuildPhase section */

/* Begin PBXSourcesBuildPhase section */
		D8ED32312806BD1800191093 /* Sources */ = {
			isa = PBXSourcesBuildPhase;
			buildActionMask = 2147483647;
			files = (
				D89C88432819A2820099BFBE /* Notifications.swift in Sources */,
				D8A2B4112810460500D9C741 /* SettingsTab.swift in Sources */,
				D8E3B41F2812B4CA006B423A /* DefaultsKeys.swift in Sources */,
				D8A2B40A28084D6F00D9C741 /* StatusBarItemController.swift in Sources */,
				D8A2B40F2810439A00D9C741 /* Preferences.swift in Sources */,
				D8E3B41A281290A8006B423A /* Helpers.swift in Sources */,
				D8A2B413281047A100D9C741 /* CalendarTab.swift in Sources */,
				D8ED32392806BD1800191093 /* AppDelegate.swift in Sources */,
				D8A2B4182811869100D9C741 /* NoteTakingView.swift in Sources */,
				D8ED323E2806BD1800191093 /* LivestormBar.xcdatamodeld in Sources */,
				D8A2B4082807416F00D9C741 /* EventModel.swift in Sources */,
				D8A2B4062807231100D9C741 /* GoogleLoader.swift in Sources */,
				D89B8F0C281C3FB400EC582F /* OnboardingView.swift in Sources */,
			);
			runOnlyForDeploymentPostprocessing = 0;
		};
		D8ED32452806BD1B00191093 /* Sources */ = {
			isa = PBXSourcesBuildPhase;
			buildActionMask = 2147483647;
			files = (
				D8ED324E2806BD1B00191093 /* LivestormBarTests.swift in Sources */,
			);
			runOnlyForDeploymentPostprocessing = 0;
		};
		D8ED324F2806BD1B00191093 /* Sources */ = {
			isa = PBXSourcesBuildPhase;
			buildActionMask = 2147483647;
			files = (
				D8ED325A2806BD1B00191093 /* LivestormBarUITestsLaunchTests.swift in Sources */,
				D8ED32582806BD1B00191093 /* LivestormBarUITests.swift in Sources */,
			);
			runOnlyForDeploymentPostprocessing = 0;
		};
/* End PBXSourcesBuildPhase section */

/* Begin PBXTargetDependency section */
		D8ED324B2806BD1B00191093 /* PBXTargetDependency */ = {
			isa = PBXTargetDependency;
			target = D8ED32342806BD1800191093 /* LivestormBar */;
			targetProxy = D8ED324A2806BD1B00191093 /* PBXContainerItemProxy */;
		};
		D8ED32552806BD1B00191093 /* PBXTargetDependency */ = {
			isa = PBXTargetDependency;
			target = D8ED32342806BD1800191093 /* LivestormBar */;
			targetProxy = D8ED32542806BD1B00191093 /* PBXContainerItemProxy */;
		};
/* End PBXTargetDependency section */

/* Begin PBXVariantGroup section */
		D8ED32412806BD1B00191093 /* Main.storyboard */ = {
			isa = PBXVariantGroup;
			children = (
				D8ED32422806BD1B00191093 /* Base */,
			);
			name = Main.storyboard;
			sourceTree = "<group>";
		};
/* End PBXVariantGroup section */

/* Begin XCBuildConfiguration section */
		D8ED325B2806BD1B00191093 /* Debug */ = {
			isa = XCBuildConfiguration;
			buildSettings = {
				ALWAYS_SEARCH_USER_PATHS = NO;
				CLANG_ANALYZER_NONNULL = YES;
				CLANG_ANALYZER_NUMBER_OBJECT_CONVERSION = YES_AGGRESSIVE;
				CLANG_CXX_LANGUAGE_STANDARD = "gnu++17";
				CLANG_ENABLE_MODULES = YES;
				CLANG_ENABLE_OBJC_ARC = YES;
				CLANG_ENABLE_OBJC_WEAK = YES;
				CLANG_WARN_BLOCK_CAPTURE_AUTORELEASING = YES;
				CLANG_WARN_BOOL_CONVERSION = YES;
				CLANG_WARN_COMMA = YES;
				CLANG_WARN_CONSTANT_CONVERSION = YES;
				CLANG_WARN_DEPRECATED_OBJC_IMPLEMENTATIONS = YES;
				CLANG_WARN_DIRECT_OBJC_ISA_USAGE = YES_ERROR;
				CLANG_WARN_DOCUMENTATION_COMMENTS = YES;
				CLANG_WARN_EMPTY_BODY = YES;
				CLANG_WARN_ENUM_CONVERSION = YES;
				CLANG_WARN_INFINITE_RECURSION = YES;
				CLANG_WARN_INT_CONVERSION = YES;
				CLANG_WARN_NON_LITERAL_NULL_CONVERSION = YES;
				CLANG_WARN_OBJC_IMPLICIT_RETAIN_SELF = YES;
				CLANG_WARN_OBJC_LITERAL_CONVERSION = YES;
				CLANG_WARN_OBJC_ROOT_CLASS = YES_ERROR;
				CLANG_WARN_QUOTED_INCLUDE_IN_FRAMEWORK_HEADER = YES;
				CLANG_WARN_RANGE_LOOP_ANALYSIS = YES;
				CLANG_WARN_STRICT_PROTOTYPES = YES;
				CLANG_WARN_SUSPICIOUS_MOVE = YES;
				CLANG_WARN_UNGUARDED_AVAILABILITY = YES_AGGRESSIVE;
				CLANG_WARN_UNREACHABLE_CODE = YES;
				CLANG_WARN__DUPLICATE_METHOD_MATCH = YES;
				COPY_PHASE_STRIP = NO;
				DEBUG_INFORMATION_FORMAT = dwarf;
				ENABLE_STRICT_OBJC_MSGSEND = YES;
				ENABLE_TESTABILITY = YES;
				GCC_C_LANGUAGE_STANDARD = gnu11;
				GCC_DYNAMIC_NO_PIC = NO;
				GCC_NO_COMMON_BLOCKS = YES;
				GCC_OPTIMIZATION_LEVEL = 0;
				GCC_PREPROCESSOR_DEFINITIONS = (
					"DEBUG=1",
					"$(inherited)",
				);
				GCC_WARN_64_TO_32_BIT_CONVERSION = YES;
				GCC_WARN_ABOUT_RETURN_TYPE = YES_ERROR;
				GCC_WARN_UNDECLARED_SELECTOR = YES;
				GCC_WARN_UNINITIALIZED_AUTOS = YES_AGGRESSIVE;
				GCC_WARN_UNUSED_FUNCTION = YES;
				GCC_WARN_UNUSED_VARIABLE = YES;
				MACOSX_DEPLOYMENT_TARGET = 11.5;
				MTL_ENABLE_DEBUG_INFO = INCLUDE_SOURCE;
				MTL_FAST_MATH = YES;
				ONLY_ACTIVE_ARCH = YES;
				SDKROOT = macosx;
				SWIFT_ACTIVE_COMPILATION_CONDITIONS = DEBUG;
				SWIFT_OPTIMIZATION_LEVEL = "-Onone";
			};
			name = Debug;
		};
		D8ED325C2806BD1B00191093 /* Release */ = {
			isa = XCBuildConfiguration;
			buildSettings = {
				ALWAYS_SEARCH_USER_PATHS = NO;
				CLANG_ANALYZER_NONNULL = YES;
				CLANG_ANALYZER_NUMBER_OBJECT_CONVERSION = YES_AGGRESSIVE;
				CLANG_CXX_LANGUAGE_STANDARD = "gnu++17";
				CLANG_ENABLE_MODULES = YES;
				CLANG_ENABLE_OBJC_ARC = YES;
				CLANG_ENABLE_OBJC_WEAK = YES;
				CLANG_WARN_BLOCK_CAPTURE_AUTORELEASING = YES;
				CLANG_WARN_BOOL_CONVERSION = YES;
				CLANG_WARN_COMMA = YES;
				CLANG_WARN_CONSTANT_CONVERSION = YES;
				CLANG_WARN_DEPRECATED_OBJC_IMPLEMENTATIONS = YES;
				CLANG_WARN_DIRECT_OBJC_ISA_USAGE = YES_ERROR;
				CLANG_WARN_DOCUMENTATION_COMMENTS = YES;
				CLANG_WARN_EMPTY_BODY = YES;
				CLANG_WARN_ENUM_CONVERSION = YES;
				CLANG_WARN_INFINITE_RECURSION = YES;
				CLANG_WARN_INT_CONVERSION = YES;
				CLANG_WARN_NON_LITERAL_NULL_CONVERSION = YES;
				CLANG_WARN_OBJC_IMPLICIT_RETAIN_SELF = YES;
				CLANG_WARN_OBJC_LITERAL_CONVERSION = YES;
				CLANG_WARN_OBJC_ROOT_CLASS = YES_ERROR;
				CLANG_WARN_QUOTED_INCLUDE_IN_FRAMEWORK_HEADER = YES;
				CLANG_WARN_RANGE_LOOP_ANALYSIS = YES;
				CLANG_WARN_STRICT_PROTOTYPES = YES;
				CLANG_WARN_SUSPICIOUS_MOVE = YES;
				CLANG_WARN_UNGUARDED_AVAILABILITY = YES_AGGRESSIVE;
				CLANG_WARN_UNREACHABLE_CODE = YES;
				CLANG_WARN__DUPLICATE_METHOD_MATCH = YES;
				COPY_PHASE_STRIP = NO;
				DEBUG_INFORMATION_FORMAT = "dwarf-with-dsym";
				ENABLE_NS_ASSERTIONS = NO;
				ENABLE_STRICT_OBJC_MSGSEND = YES;
				GCC_C_LANGUAGE_STANDARD = gnu11;
				GCC_NO_COMMON_BLOCKS = YES;
				GCC_WARN_64_TO_32_BIT_CONVERSION = YES;
				GCC_WARN_ABOUT_RETURN_TYPE = YES_ERROR;
				GCC_WARN_UNDECLARED_SELECTOR = YES;
				GCC_WARN_UNINITIALIZED_AUTOS = YES_AGGRESSIVE;
				GCC_WARN_UNUSED_FUNCTION = YES;
				GCC_WARN_UNUSED_VARIABLE = YES;
				MACOSX_DEPLOYMENT_TARGET = 11.5;
				MTL_ENABLE_DEBUG_INFO = NO;
				MTL_FAST_MATH = YES;
				SDKROOT = macosx;
				SWIFT_COMPILATION_MODE = wholemodule;
				SWIFT_OPTIMIZATION_LEVEL = "-O";
			};
			name = Release;
		};
		D8ED325E2806BD1B00191093 /* Debug */ = {
			isa = XCBuildConfiguration;
			buildSettings = {
				ASSETCATALOG_COMPILER_APPICON_NAME = AppIcon;
				ASSETCATALOG_COMPILER_GLOBAL_ACCENT_COLOR_NAME = AccentColor;
				CODE_SIGN_ENTITLEMENTS = LivestormBar/LivestormBar.entitlements;
				CODE_SIGN_STYLE = Automatic;
				COMBINE_HIDPI_IMAGES = YES;
				CURRENT_PROJECT_VERSION = 5;
				DEVELOPMENT_TEAM = CB4U3K2Z5U;
				GENERATE_INFOPLIST_FILE = YES;
				INFOPLIST_FILE = LivestormBar/Info.plist;
				INFOPLIST_KEY_LSApplicationCategoryType = "public.app-category.productivity";
				INFOPLIST_KEY_NSHumanReadableCopyright = Livestorm;
				INFOPLIST_KEY_NSMainStoryboardFile = Main;
				INFOPLIST_KEY_NSPrincipalClass = NSApplication;
				LD_RUNPATH_SEARCH_PATHS = (
					"$(inherited)",
					"@executable_path/../Frameworks",
				);
				MACOSX_DEPLOYMENT_TARGET = 11.5;
				MARKETING_VERSION = 0.9.1;
				PRODUCT_BUNDLE_IDENTIFIER = co.livestorm.LivestormBar;
				PRODUCT_NAME = "$(TARGET_NAME)";
				SWIFT_EMIT_LOC_STRINGS = YES;
				SWIFT_VERSION = 5.0;
			};
			name = Debug;
		};
		D8ED325F2806BD1B00191093 /* Release */ = {
			isa = XCBuildConfiguration;
			buildSettings = {
				ASSETCATALOG_COMPILER_APPICON_NAME = AppIcon;
				ASSETCATALOG_COMPILER_GLOBAL_ACCENT_COLOR_NAME = AccentColor;
				CODE_SIGN_ENTITLEMENTS = LivestormBar/LivestormBarRelease.entitlements;
				CODE_SIGN_STYLE = Automatic;
				COMBINE_HIDPI_IMAGES = YES;
				CURRENT_PROJECT_VERSION = 5;
				DEVELOPMENT_TEAM = CB4U3K2Z5U;
				ENABLE_HARDENED_RUNTIME = YES;
				GENERATE_INFOPLIST_FILE = YES;
				INFOPLIST_FILE = LivestormBar/Info.plist;
				INFOPLIST_KEY_LSApplicationCategoryType = "public.app-category.productivity";
				INFOPLIST_KEY_NSHumanReadableCopyright = Livestorm;
				INFOPLIST_KEY_NSMainStoryboardFile = Main;
				INFOPLIST_KEY_NSPrincipalClass = NSApplication;
				LD_RUNPATH_SEARCH_PATHS = (
					"$(inherited)",
					"@executable_path/../Frameworks",
				);
				MACOSX_DEPLOYMENT_TARGET = 11.5;
				MARKETING_VERSION = 0.9.1;
				PRODUCT_BUNDLE_IDENTIFIER = co.livestorm.LivestormBar;
				PRODUCT_NAME = "$(TARGET_NAME)";
				SWIFT_EMIT_LOC_STRINGS = YES;
				SWIFT_VERSION = 5.0;
			};
			name = Release;
		};
		D8ED32612806BD1B00191093 /* Debug */ = {
			isa = XCBuildConfiguration;
			buildSettings = {
				ALWAYS_EMBED_SWIFT_STANDARD_LIBRARIES = YES;
				BUNDLE_LOADER = "$(TEST_HOST)";
				CODE_SIGN_STYLE = Automatic;
				CURRENT_PROJECT_VERSION = 1;
				GENERATE_INFOPLIST_FILE = YES;
				MACOSX_DEPLOYMENT_TARGET = 12.2;
				MARKETING_VERSION = 1.0;
				PRODUCT_BUNDLE_IDENTIFIER = co.livestorm.LivestormBarTests;
				PRODUCT_NAME = "$(TARGET_NAME)";
				SWIFT_EMIT_LOC_STRINGS = NO;
				SWIFT_VERSION = 5.0;
				TEST_HOST = "$(BUILT_PRODUCTS_DIR)/LivestormBar.app/Contents/MacOS/LivestormBar";
			};
			name = Debug;
		};
		D8ED32622806BD1B00191093 /* Release */ = {
			isa = XCBuildConfiguration;
			buildSettings = {
				ALWAYS_EMBED_SWIFT_STANDARD_LIBRARIES = YES;
				BUNDLE_LOADER = "$(TEST_HOST)";
				CODE_SIGN_STYLE = Automatic;
				CURRENT_PROJECT_VERSION = 1;
				GENERATE_INFOPLIST_FILE = YES;
				MACOSX_DEPLOYMENT_TARGET = 12.2;
				MARKETING_VERSION = 1.0;
				PRODUCT_BUNDLE_IDENTIFIER = co.livestorm.LivestormBarTests;
				PRODUCT_NAME = "$(TARGET_NAME)";
				SWIFT_EMIT_LOC_STRINGS = NO;
				SWIFT_VERSION = 5.0;
				TEST_HOST = "$(BUILT_PRODUCTS_DIR)/LivestormBar.app/Contents/MacOS/LivestormBar";
			};
			name = Release;
		};
		D8ED32642806BD1B00191093 /* Debug */ = {
			isa = XCBuildConfiguration;
			buildSettings = {
				ALWAYS_EMBED_SWIFT_STANDARD_LIBRARIES = YES;
				CODE_SIGN_STYLE = Automatic;
				CURRENT_PROJECT_VERSION = 1;
				GENERATE_INFOPLIST_FILE = YES;
				MARKETING_VERSION = 1.0;
				PRODUCT_BUNDLE_IDENTIFIER = co.livestorm.LivestormBarUITests;
				PRODUCT_NAME = "$(TARGET_NAME)";
				SWIFT_EMIT_LOC_STRINGS = NO;
				SWIFT_VERSION = 5.0;
				TEST_TARGET_NAME = LivestormBar;
			};
			name = Debug;
		};
		D8ED32652806BD1B00191093 /* Release */ = {
			isa = XCBuildConfiguration;
			buildSettings = {
				ALWAYS_EMBED_SWIFT_STANDARD_LIBRARIES = YES;
				CODE_SIGN_STYLE = Automatic;
				CURRENT_PROJECT_VERSION = 1;
				GENERATE_INFOPLIST_FILE = YES;
				MARKETING_VERSION = 1.0;
				PRODUCT_BUNDLE_IDENTIFIER = co.livestorm.LivestormBarUITests;
				PRODUCT_NAME = "$(TARGET_NAME)";
				SWIFT_EMIT_LOC_STRINGS = NO;
				SWIFT_VERSION = 5.0;
				TEST_TARGET_NAME = LivestormBar;
			};
			name = Release;
		};
/* End XCBuildConfiguration section */

/* Begin XCConfigurationList section */
		D8ED32302806BD1800191093 /* Build configuration list for PBXProject "LivestormBar" */ = {
			isa = XCConfigurationList;
			buildConfigurations = (
				D8ED325B2806BD1B00191093 /* Debug */,
				D8ED325C2806BD1B00191093 /* Release */,
			);
			defaultConfigurationIsVisible = 0;
			defaultConfigurationName = Release;
		};
		D8ED325D2806BD1B00191093 /* Build configuration list for PBXNativeTarget "LivestormBar" */ = {
			isa = XCConfigurationList;
			buildConfigurations = (
				D8ED325E2806BD1B00191093 /* Debug */,
				D8ED325F2806BD1B00191093 /* Release */,
			);
			defaultConfigurationIsVisible = 0;
			defaultConfigurationName = Release;
		};
		D8ED32602806BD1B00191093 /* Build configuration list for PBXNativeTarget "LivestormBarTests" */ = {
			isa = XCConfigurationList;
			buildConfigurations = (
				D8ED32612806BD1B00191093 /* Debug */,
				D8ED32622806BD1B00191093 /* Release */,
			);
			defaultConfigurationIsVisible = 0;
			defaultConfigurationName = Release;
		};
		D8ED32632806BD1B00191093 /* Build configuration list for PBXNativeTarget "LivestormBarUITests" */ = {
			isa = XCConfigurationList;
			buildConfigurations = (
				D8ED32642806BD1B00191093 /* Debug */,
				D8ED32652806BD1B00191093 /* Release */,
			);
			defaultConfigurationIsVisible = 0;
			defaultConfigurationName = Release;
		};
/* End XCConfigurationList section */

/* Begin XCRemoteSwiftPackageReference section */
		D82ED1292821807B006F3E50 /* XCRemoteSwiftPackageReference "Sparkle" */ = {
			isa = XCRemoteSwiftPackageReference;
			repositoryURL = "https://github.com/sparkle-project/Sparkle";
			requirement = {
				branch = 2.x;
				kind = branch;
			};
		};
		D89B8F06281C0FC900EC582F /* XCRemoteSwiftPackageReference "KeyboardShortcuts" */ = {
			isa = XCRemoteSwiftPackageReference;
			repositoryURL = "https://github.com/sindresorhus/KeyboardShortcuts";
			requirement = {
				branch = main;
				kind = branch;
			};
		};
		D8E3B41B2812B34B006B423A /* XCRemoteSwiftPackageReference "Defaults" */ = {
			isa = XCRemoteSwiftPackageReference;
			repositoryURL = "https://github.com/sindresorhus/Defaults";
			requirement = {
				branch = main;
				kind = branch;
			};
		};
		D8ED32662806BFEA00191093 /* XCRemoteSwiftPackageReference "OAuth2" */ = {
			isa = XCRemoteSwiftPackageReference;
			repositoryURL = "https://github.com/p2/OAuth2";
			requirement = {
				branch = master;
				kind = branch;
			};
		};
/* End XCRemoteSwiftPackageReference section */

/* Begin XCSwiftPackageProductDependency section */
		D82ED1322821814C006F3E50 /* Sparkle */ = {
			isa = XCSwiftPackageProductDependency;
			package = D82ED1292821807B006F3E50 /* XCRemoteSwiftPackageReference "Sparkle" */;
			productName = Sparkle;
		};
		D89B8F07281C0FC900EC582F /* KeyboardShortcuts */ = {
			isa = XCSwiftPackageProductDependency;
			package = D89B8F06281C0FC900EC582F /* XCRemoteSwiftPackageReference "KeyboardShortcuts" */;
			productName = KeyboardShortcuts;
		};
		D8E3B41C2812B34B006B423A /* Defaults */ = {
			isa = XCSwiftPackageProductDependency;
			package = D8E3B41B2812B34B006B423A /* XCRemoteSwiftPackageReference "Defaults" */;
			productName = Defaults;
		};
		D8ED32672806BFEA00191093 /* OAuth2 */ = {
			isa = XCSwiftPackageProductDependency;
			package = D8ED32662806BFEA00191093 /* XCRemoteSwiftPackageReference "OAuth2" */;
			productName = OAuth2;
		};
/* End XCSwiftPackageProductDependency section */

/* Begin XCVersionGroup section */
		D8ED323C2806BD1800191093 /* LivestormBar.xcdatamodeld */ = {
			isa = XCVersionGroup;
			children = (
				D8ED323D2806BD1800191093 /* LivestormBar.xcdatamodel */,
			);
			currentVersion = D8ED323D2806BD1800191093 /* LivestormBar.xcdatamodel */;
			path = LivestormBar.xcdatamodeld;
			sourceTree = "<group>";
			versionGroupType = wrapper.xcdatamodel;
		};
/* End XCVersionGroup section */
	};
	rootObject = D8ED322D2806BD1800191093 /* Project object */;
}
