{
  "pins" : [
    {
      "identity" : "defaults",
      "kind" : "remoteSourceControl",
      "location" : "https://github.com/sindresorhus/Defaults",
      "state" : {
        "branch" : "main",
        "revision" : "3535f3d088113cf24705014eec6a17f0fd73237f"
      }
    },
    {
      "identity" : "oauth2",
      "kind" : "remoteSourceControl",
      "location" : "https://github.com/p2/OAuth2",
      "state" : {
        "branch" : "master",
        "revision" : "30f46ad74bcbe7013fb340e54f41bc9e6d2ce994"
      }
    }
  ],
  "version" : 2
}
